
Microsoft Visual Studio Solution File, Format Version 12.00
# Visual Studio Version 16
VisualStudioVersion = 16.0.30804.86
MinimumVisualStudioVersion = 10.0.40219.1
Project("{FAE04EC0-301F-11D3-BF4B-00C04F79EFBC}") = "MatrixEngineTextureEditor", "MatrixEngineTextureEditor.csproj", "{C19C6A70-F41C-4858-822D-244C70F6C4CB}"
EndProject
Global
	GlobalSection(SolutionConfigurationPlatforms) = preSolution
		Debug|Any CPU = Debug|Any CPU
		Release|Any CPU = Release|Any CPU
	EndGlobalSection
	GlobalSection(ProjectConfigurationPlatforms) = postSolution
		{C19C6A70-F41C-4858-822D-244C70F6C4CB}.Debug|Any CPU.ActiveCfg = Debug|Any CPU
		{C19C6A70-F41C-4858-822D-244C70F6C4CB}.Debug|Any CPU.Build.0 = Debug|Any CPU
		{C19C6A70-F41C-4858-822D-244C70F6C4CB}.Release|Any CPU.ActiveCfg = Release|Any CPU
		{C19C6A70-F41C-4858-822D-244C70F6C4CB}.Release|Any CPU.Build.0 = Release|Any CPU
	EndGlobalSection
	GlobalSection(SolutionProperties) = preSolution
		HideSolutionNode = FALSE
	EndGlobalSection
	GlobalSection(ExtensibilityGlobals) = postSolution
		SolutionGuid = {EFE3E712-078A-478E-BD08-087D14231340}
	EndGlobalSection
EndGlobal
