
Microsoft Visual Studio Solution File, Format Version 12.00
# Visual Studio Version 16
VisualStudioVersion = 16.0.30804.86
MinimumVisualStudioVersion = 10.0.40219.1
Project("{FAE04EC0-301F-11D3-BF4B-00C04F79EFBC}") = "matrix-engine", "matrix-engine.csproj", "{75D186F6-FE1F-48D4-A204-2A9527EFCC80}"
EndProject
Project("{FAE04EC0-301F-11D3-BF4B-00C04F79EFBC}") = "CmdWindow", "..\cmd\CmdWindow.csproj", "{BC12A502-1C74-4E75-9860-94E3F1607B4F}"
EndProject
Project("{FAE04EC0-301F-11D3-BF4B-00C04F79EFBC}") = "CommandWindowControlTestApp", "..\cmdApp\CommandWindowControlTestApp.csproj", "{63B38E60-1021-42F3-BDF2-6B7116FFCB2A}"
EndProject
Project("{FAE04EC0-301F-11D3-BF4B-00C04F79EFBC}") = "ProcessReadWriteUtils", "..\ProcessReadWriteUtils\ProcessReadWriteUtils.csproj", "{C8A27479-DBED-49C5-B602-8DE974A9B5DA}"
EndProject
Global
	GlobalSection(SolutionConfigurationPlatforms) = preSolution
		Debug|Any CPU = Debug|Any CPU
		Release|Any CPU = Release|Any CPU
	EndGlobalSection
	GlobalSection(ProjectConfigurationPlatforms) = postSolution
		{75D186F6-FE1F-48D4-A204-2A9527EFCC80}.Debug|Any CPU.ActiveCfg = Debug|Any CPU
		{75D186F6-FE1F-48D4-A204-2A9527EFCC80}.Debug|Any CPU.Build.0 = Debug|Any CPU
		{75D186F6-FE1F-48D4-A204-2A9527EFCC80}.Release|Any CPU.ActiveCfg = Release|Any CPU
		{75D186F6-FE1F-48D4-A204-2A9527EFCC80}.Release|Any CPU.Build.0 = Release|Any CPU
		{BC12A502-1C74-4E75-9860-94E3F1607B4F}.Debug|Any CPU.ActiveCfg = Debug|Any CPU
		{BC12A502-1C74-4E75-9860-94E3F1607B4F}.Debug|Any CPU.Build.0 = Debug|Any CPU
		{BC12A502-1C74-4E75-9860-94E3F1607B4F}.Release|Any CPU.ActiveCfg = Release|Any CPU
		{BC12A502-1C74-4E75-9860-94E3F1607B4F}.Release|Any CPU.Build.0 = Release|Any CPU
		{63B38E60-1021-42F3-BDF2-6B7116FFCB2A}.Debug|Any CPU.ActiveCfg = Debug|Any CPU
		{63B38E60-1021-42F3-BDF2-6B7116FFCB2A}.Debug|Any CPU.Build.0 = Debug|Any CPU
		{63B38E60-1021-42F3-BDF2-6B7116FFCB2A}.Release|Any CPU.ActiveCfg = Release|Any CPU
		{63B38E60-1021-42F3-BDF2-6B7116FFCB2A}.Release|Any CPU.Build.0 = Release|Any CPU
		{C8A27479-DBED-49C5-B602-8DE974A9B5DA}.Debug|Any CPU.ActiveCfg = Debug|Any CPU
		{C8A27479-DBED-49C5-B602-8DE974A9B5DA}.Debug|Any CPU.Build.0 = Debug|Any CPU
		{C8A27479-DBED-49C5-B602-8DE974A9B5DA}.Release|Any CPU.ActiveCfg = Release|Any CPU
		{C8A27479-DBED-49C5-B602-8DE974A9B5DA}.Release|Any CPU.Build.0 = Release|Any CPU
	EndGlobalSection
	GlobalSection(SolutionProperties) = preSolution
		HideSolutionNode = FALSE
	EndGlobalSection
	GlobalSection(ExtensibilityGlobals) = postSolution
		SolutionGuid = {FC1DB956-B100-40F6-9539-8FC933D62DD8}
	EndGlobalSection
EndGlobal
