
Microsoft Visual Studio Solution File, Format Version 12.00
# Visual Studio Version 16
VisualStudioVersion = 16.0.30804.86
MinimumVisualStudioVersion = 10.0.40219.1
Project("{FAE04EC0-301F-11D3-BF4B-00C04F79EFBC}") = "MatrixEngineTextureEditor", "MatrixEngineTextureEditor.csproj", "{13F62BDE-8E41-4EEF-B371-CD3DD3C01708}"
EndProject
Global
	GlobalSection(SolutionConfigurationPlatforms) = preSolution
		Debug|Any CPU = Debug|Any CPU
		Release|Any CPU = Release|Any CPU
	EndGlobalSection
	GlobalSection(ProjectConfigurationPlatforms) = postSolution
		{13F62BDE-8E41-4EEF-B371-CD3DD3C01708}.Debug|Any CPU.ActiveCfg = Debug|Any CPU
		{13F62BDE-8E41-4EEF-B371-CD3DD3C01708}.Debug|Any CPU.Build.0 = Debug|Any CPU
		{13F62BDE-8E41-4EEF-B371-CD3DD3C01708}.Release|Any CPU.ActiveCfg = Release|Any CPU
		{13F62BDE-8E41-4EEF-B371-CD3DD3C01708}.Release|Any CPU.Build.0 = Release|Any CPU
	EndGlobalSection
	GlobalSection(SolutionProperties) = preSolution
		HideSolutionNode = FALSE
	EndGlobalSection
	GlobalSection(ExtensibilityGlobals) = postSolution
		SolutionGuid = {65FAE2FC-BE3B-4A81-AF8D-1C55D32A1343}
	EndGlobalSection
EndGlobal
